
Microsoft Visual Studio Solution File, Format Version 12.00
# Visual Studio Version 17
VisualStudioVersion = 17.11.35219.272
MinimumVisualStudioVersion = 10.0.40219.1
Project("{FAE04EC0-301F-11D3-BF4B-00C04F79EFBC}") = "Hello_World", "Hello_World.csproj", "{2ED2FD01-1675-47B6-812C-9EB494FB3AF3}"
EndProject
Global
	GlobalSection(SolutionConfigurationPlatforms) = preSolution
		Debug|Any CPU = Debug|Any CPU
		Release|Any CPU = Release|Any CPU
	EndGlobalSection
	GlobalSection(ProjectConfigurationPlatforms) = postSolution
		{2ED2FD01-1675-47B6-812C-9EB494FB3AF3}.Debug|Any CPU.ActiveCfg = Debug|Any CPU
		{2ED2FD01-1675-47B6-812C-9EB494FB3AF3}.Debug|Any CPU.Build.0 = Debug|Any CPU
		{2ED2FD01-1675-47B6-812C-9EB494FB3AF3}.Release|Any CPU.ActiveCfg = Release|Any CPU
		{2ED2FD01-1675-47B6-812C-9EB494FB3AF3}.Release|Any CPU.Build.0 = Release|Any CPU
	EndGlobalSection
	GlobalSection(SolutionProperties) = preSolution
		HideSolutionNode = FALSE
	EndGlobalSection
	GlobalSection(ExtensibilityGlobals) = postSolution
		SolutionGuid = {57E0F394-1132-4861-873E-576B9CDA8C70}
	EndGlobalSection
EndGlobal
